{
  "name": "colmillo-project",
  "lockfileVersion": 3,
  "requires": true,
  "packages": {
    "": {
      "dependencies": {
        "@feathersjs/feathers": "^5.0.30"
      }
    },
    "node_modules/@feathersjs/commons": {
      "version": "5.0.30",
      "resolved": "https://registry.npmjs.org/@feathersjs/commons/-/commons-5.0.30.tgz",
      "integrity": "sha512-OCOwqdzqvTxRrFeMSp3WVdtMIiLdCh/X1Fne7fAjvr1PKMtVk9JkLI6dSV2mp+x1djjHqsO5eAUxjy/ha+7SJw==",
      "license": "MIT",
      "engines": {
        "node": ">= 12"
      },
      "funding": {
        "type": "github",
        "url": "https://github.com/sponsors/daffl"
      }
    },
    "node_modules/@feathersjs/feathers": {
      "version": "5.0.30",
      "resolved": "https://registry.npmjs.org/@feathersjs/feathers/-/feathers-5.0.30.tgz",
      "integrity": "sha512-IHES6iWRpq22NWx/UZ8mwOilRbC/1fF27C0Taq2gw+X/xKqfegKFguLWPNk4fs8MuQglnUvtP+oFcYpVORBK7Q==",
      "license": "MIT",
      "dependencies": {
        "@feathersjs/commons": "^5.0.30",
        "@feathersjs/hooks": "^0.9.0",
        "events": "^3.3.0"
      },
      "engines": {
        "node": ">= 12"
      },
      "funding": {
        "type": "github",
        "url": "https://github.com/sponsors/daffl"
      }
    },
    "node_modules/@feathersjs/hooks": {
      "version": "0.9.0",
      "resolved": "https://registry.npmjs.org/@feathersjs/hooks/-/hooks-0.9.0.tgz",
      "integrity": "sha512-kLfWnuhbC25CPkR1/TDcVs0rSiv0JLNxrpUivLwc7FUnkyeciRi5VOmC1SOzL2SOagcozu3+m4VQiONyzgfY7w==",
      "license": "MIT",
      "engines": {
        "node": ">= 14"
      }
    },
    "node_modules/events": {
      "version": "3.3.0",
      "resolved": "https://registry.npmjs.org/events/-/events-3.3.0.tgz",
      "integrity": "sha512-mQw+2fkQbALzQ7V0MY0IqdnXNOeTtP4r0lN9z7AAawCXgqea7bDii20AYrIBrFd/Hx0M2Ocz6S111CaFkUcb0Q==",
      "license": "MIT",
      "engines": {
        "node": ">=0.8.x"
      }
    }
  }
}
